# generated by rye
# use `rye lock` or `rye sync` to update this lockfile
#
# last locked with the following flags:
#   pre: false
#   features: []
#   all-features: false
#   with-sources: false
#   generate-hashes: false
#   universal: false

-e file:.
annotated-doc==0.0.4
    # via fastapi
annotated-types==0.7.0
    # via pydantic
antlr4-python3-runtime==4.9.3
    # via hydra-core
    # via omegaconf
anyio==4.11.0
    # via httpx
    # via openai
    # via starlette
    # via watchfiles
certifi==2025.10.5
    # via httpcore
    # via httpx
click==8.3.0
    # via uvicorn
colorama==0.4.6
    # via click
    # via tqdm
    # via uvicorn
distro==1.9.0
    # via openai
fastapi==0.121.1
    # via project-wed
h11==0.16.0
    # via httpcore
    # via uvicorn
httpcore==1.0.9
    # via httpx
httptools==0.7.1
    # via uvicorn
httpx==0.28.1
    # via openai
hydra-core==1.3.2
    # via project-wed
idna==3.11
    # via anyio
    # via httpx
jiter==0.12.0
    # via openai
omegaconf==2.3.0
    # via hydra-core
openai==2.7.1
    # via project-wed
packaging==25.0
    # via hydra-core
pydantic==2.12.4
    # via fastapi
    # via openai
pydantic-core==2.41.5
    # via pydantic
python-dotenv==1.2.1
    # via project-wed
    # via uvicorn
pyyaml==6.0.3
    # via omegaconf
    # via uvicorn
sniffio==1.3.1
    # via anyio
    # via openai
starlette==0.49.3
    # via fastapi
tqdm==4.67.1
    # via openai
typing-extensions==4.15.0
    # via anyio
    # via fastapi
    # via openai
    # via pydantic
    # via pydantic-core
    # via starlette
    # via typing-inspection
typing-inspection==0.4.2
    # via pydantic
uvicorn==0.38.0
    # via project-wed
watchfiles==1.1.1
    # via uvicorn
websockets==15.0.1
    # via uvicorn
